// !$*UTF8*$!
{
	archiveVersion = 1;
	classes = {
	};
	objectVersion = 55;
	objects = {

/* Begin PBXBuildFile section */
		5B36FA6B29A0DC5200424116 /* AppDelegate.swift in Sources */ = {isa = PBXBuildFile; fileRef = 5B36FA6A29A0DC5200424116 /* AppDelegate.swift */; };
		5B36FA6D29A0DC5200424116 /* SceneDelegate.swift in Sources */ = {isa = PBXBuildFile; fileRef = 5B36FA6C29A0DC5200424116 /* SceneDelegate.swift */; };
		5B36FA6F29A0DC5200424116 /* ViewController.swift in Sources */ = {isa = PBXBuildFile; fileRef = 5B36FA6E29A0DC5200424116 /* ViewController.swift */; };
		5B36FA7229A0DC5200424116 /* Main.storyboard in Resources */ = {isa = PBXBuildFile; fileRef = 5B36FA7029A0DC5200424116 /* Main.storyboard */; };
		5B36FA7429A0DC5400424116 /* Assets.xcassets in Resources */ = {isa = PBXBuildFile; fileRef = 5B36FA7329A0DC5400424116 /* Assets.xcassets */; };
		5B36FA7729A0DC5400424116 /* LaunchScreen.storyboard in Resources */ = {isa = PBXBuildFile; fileRef = 5B36FA7529A0DC5400424116 /* LaunchScreen.storyboard */; };
		5B36FA8229A0DC5500424116 /* RxSample_RestaurantSearchTests.swift in Sources */ = {isa = PBXBuildFile; fileRef = 5B36FA8129A0DC5500424116 /* RxSample_RestaurantSearchTests.swift */; };
		5B36FA8C29A0DC5600424116 /* RxSample_RestaurantSearchUITests.swift in Sources */ = {isa = PBXBuildFile; fileRef = 5B36FA8B29A0DC5600424116 /* RxSample_RestaurantSearchUITests.swift */; };
		5B36FA8E29A0DC5600424116 /* RxSample_RestaurantSearchUITestsLaunchTests.swift in Sources */ = {isa = PBXBuildFile; fileRef = 5B36FA8D29A0DC5600424116 /* RxSample_RestaurantSearchUITestsLaunchTests.swift */; };
		5B36FAA529A1935000424116 /* RxCocoa in Frameworks */ = {isa = PBXBuildFile; productRef = 5B36FAA429A1935000424116 /* RxCocoa */; };
		5B36FAA729A1935000424116 /* RxRelay in Frameworks */ = {isa = PBXBuildFile; productRef = 5B36FAA629A1935000424116 /* RxRelay */; };
		5B36FAA929A1935000424116 /* RxSwift in Frameworks */ = {isa = PBXBuildFile; productRef = 5B36FAA829A1935000424116 /* RxSwift */; };
		5B36FAAB29A1935000424116 /* RxTest in Frameworks */ = {isa = PBXBuildFile; productRef = 5B36FAAA29A1935000424116 /* RxTest */; };
		5B36FAAD29A2310D00424116 /* apiKey.plist in Resources */ = {isa = PBXBuildFile; fileRef = 5B36FAAC29A2310D00424116 /* apiKey.plist */; };
		5B36FAAF29A23D7E00424116 /* Gourmet.swift in Sources */ = {isa = PBXBuildFile; fileRef = 5B36FAAE29A23D7E00424116 /* Gourmet.swift */; };
		5B36FAB129A23DA500424116 /* ViewModel.swift in Sources */ = {isa = PBXBuildFile; fileRef = 5B36FAB029A23DA500424116 /* ViewModel.swift */; };
/* End PBXBuildFile section */

/* Begin PBXContainerItemProxy section */
		5B36FA7E29A0DC5500424116 /* PBXContainerItemProxy */ = {
			isa = PBXContainerItemProxy;
			containerPortal = 5B36FA5F29A0DC5200424116 /* Project object */;
			proxyType = 1;
			remoteGlobalIDString = 5B36FA6629A0DC5200424116;
			remoteInfo = RxSample_RestaurantSearch;
		};
		5B36FA8829A0DC5600424116 /* PBXContainerItemProxy */ = {
			isa = PBXContainerItemProxy;
			containerPortal = 5B36FA5F29A0DC5200424116 /* Project object */;
			proxyType = 1;
			remoteGlobalIDString = 5B36FA6629A0DC5200424116;
			remoteInfo = RxSample_RestaurantSearch;
		};
/* End PBXContainerItemProxy section */

/* Begin PBXFileReference section */
		5B36FA6729A0DC5200424116 /* RxSample_RestaurantSearch.app */ = {isa = PBXFileReference; explicitFileType = wrapper.application; includeInIndex = 0; path = RxSample_RestaurantSearch.app; sourceTree = BUILT_PRODUCTS_DIR; };
		5B36FA6A29A0DC5200424116 /* AppDelegate.swift */ = {isa = PBXFileReference; lastKnownFileType = sourcecode.swift; path = AppDelegate.swift; sourceTree = "<group>"; };
		5B36FA6C29A0DC5200424116 /* SceneDelegate.swift */ = {isa = PBXFileReference; lastKnownFileType = sourcecode.swift; path = SceneDelegate.swift; sourceTree = "<group>"; };
		5B36FA6E29A0DC5200424116 /* ViewController.swift */ = {isa = PBXFileReference; lastKnownFileType = sourcecode.swift; path = ViewController.swift; sourceTree = "<group>"; };
		5B36FA7129A0DC5200424116 /* Base */ = {isa = PBXFileReference; lastKnownFileType = file.storyboard; name = Base; path = Base.lproj/Main.storyboard; sourceTree = "<group>"; };
		5B36FA7329A0DC5400424116 /* Assets.xcassets */ = {isa = PBXFileReference; lastKnownFileType = folder.assetcatalog; path = Assets.xcassets; sourceTree = "<group>"; };
		5B36FA7629A0DC5400424116 /* Base */ = {isa = PBXFileReference; lastKnownFileType = file.storyboard; name = Base; path = Base.lproj/LaunchScreen.storyboard; sourceTree = "<group>"; };
		5B36FA7829A0DC5400424116 /* Info.plist */ = {isa = PBXFileReference; lastKnownFileType = text.plist.xml; path = Info.plist; sourceTree = "<group>"; };
		5B36FA7D29A0DC5500424116 /* RxSample_RestaurantSearchTests.xctest */ = {isa = PBXFileReference; explicitFileType = wrapper.cfbundle; includeInIndex = 0; path = RxSample_RestaurantSearchTests.xctest; sourceTree = BUILT_PRODUCTS_DIR; };
		5B36FA8129A0DC5500424116 /* RxSample_RestaurantSearchTests.swift */ = {isa = PBXFileReference; lastKnownFileType = sourcecode.swift; path = RxSample_RestaurantSearchTests.swift; sourceTree = "<group>"; };
		5B36FA8729A0DC5600424116 /* RxSample_RestaurantSearchUITests.xctest */ = {isa = PBXFileReference; explicitFileType = wrapper.cfbundle; includeInIndex = 0; path = RxSample_RestaurantSearchUITests.xctest; sourceTree = BUILT_PRODUCTS_DIR; };
		5B36FA8B29A0DC5600424116 /* RxSample_RestaurantSearchUITests.swift */ = {isa = PBXFileReference; lastKnownFileType = sourcecode.swift; path = RxSample_RestaurantSearchUITests.swift; sourceTree = "<group>"; };
		5B36FA8D29A0DC5600424116 /* RxSample_RestaurantSearchUITestsLaunchTests.swift */ = {isa = PBXFileReference; lastKnownFileType = sourcecode.swift; path = RxSample_RestaurantSearchUITestsLaunchTests.swift; sourceTree = "<group>"; };
		5B36FAAC29A2310D00424116 /* apiKey.plist */ = {isa = PBXFileReference; lastKnownFileType = text.plist.xml; path = apiKey.plist; sourceTree = "<group>"; };
		5B36FAAE29A23D7E00424116 /* Gourmet.swift */ = {isa = PBXFileReference; lastKnownFileType = sourcecode.swift; path = Gourmet.swift; sourceTree = "<group>"; };
		5B36FAB029A23DA500424116 /* ViewModel.swift */ = {isa = PBXFileReference; lastKnownFileType = sourcecode.swift; path = ViewModel.swift; sourceTree = "<group>"; };
/* End PBXFileReference section */

/* Begin PBXFrameworksBuildPhase section */
		5B36FA6429A0DC5200424116 /* Frameworks */ = {
			isa = PBXFrameworksBuildPhase;
			buildActionMask = 2147483647;
			files = (
				5B36FAA929A1935000424116 /* RxSwift in Frameworks */,
				5B36FAA729A1935000424116 /* RxRelay in Frameworks */,
				5B36FAA529A1935000424116 /* RxCocoa in Frameworks */,
			);
			runOnlyForDeploymentPostprocessing = 0;
		};
		5B36FA7A29A0DC5500424116 /* Frameworks */ = {
			isa = PBXFrameworksBuildPhase;
			buildActionMask = 2147483647;
			files = (
				5B36FAAB29A1935000424116 /* RxTest in Frameworks */,
			);
			runOnlyForDeploymentPostprocessing = 0;
		};
		5B36FA8429A0DC5600424116 /* Frameworks */ = {
			isa = PBXFrameworksBuildPhase;
			buildActionMask = 2147483647;
			files = (
			);
			runOnlyForDeploymentPostprocessing = 0;
		};
/* End PBXFrameworksBuildPhase section */

/* Begin PBXGroup section */
		5B36FA5E29A0DC5200424116 = {
			isa = PBXGroup;
			children = (
				5B36FA6929A0DC5200424116 /* RxSample_RestaurantSearch */,
				5B36FA8029A0DC5500424116 /* RxSample_RestaurantSearchTests */,
				5B36FA8A29A0DC5600424116 /* RxSample_RestaurantSearchUITests */,
				5B36FA6829A0DC5200424116 /* Products */,
			);
			sourceTree = "<group>";
		};
		5B36FA6829A0DC5200424116 /* Products */ = {
			isa = PBXGroup;
			children = (
				5B36FA6729A0DC5200424116 /* RxSample_RestaurantSearch.app */,
				5B36FA7D29A0DC5500424116 /* RxSample_RestaurantSearchTests.xctest */,
				5B36FA8729A0DC5600424116 /* RxSample_RestaurantSearchUITests.xctest */,
			);
			name = Products;
			sourceTree = "<group>";
		};
		5B36FA6929A0DC5200424116 /* RxSample_RestaurantSearch */ = {
			isa = PBXGroup;
			children = (
				5B36FA6A29A0DC5200424116 /* AppDelegate.swift */,
				5B36FA6C29A0DC5200424116 /* SceneDelegate.swift */,
				5B36FA6E29A0DC5200424116 /* ViewController.swift */,
				5B36FAB029A23DA500424116 /* ViewModel.swift */,
				5B36FAAE29A23D7E00424116 /* Gourmet.swift */,
				5B36FA7029A0DC5200424116 /* Main.storyboard */,
				5B36FA7329A0DC5400424116 /* Assets.xcassets */,
				5B36FA7529A0DC5400424116 /* LaunchScreen.storyboard */,
				5B36FA7829A0DC5400424116 /* Info.plist */,
				5B36FAAC29A2310D00424116 /* apiKey.plist */,
			);
			path = RxSample_RestaurantSearch;
			sourceTree = "<group>";
		};
		5B36FA8029A0DC5500424116 /* RxSample_RestaurantSearchTests */ = {
			isa = PBXGroup;
			children = (
				5B36FA8129A0DC5500424116 /* RxSample_RestaurantSearchTests.swift */,
			);
			path = RxSample_RestaurantSearchTests;
			sourceTree = "<group>";
		};
		5B36FA8A29A0DC5600424116 /* RxSample_RestaurantSearchUITests */ = {
			isa = PBXGroup;
			children = (
				5B36FA8B29A0DC5600424116 /* RxSample_RestaurantSearchUITests.swift */,
				5B36FA8D29A0DC5600424116 /* RxSample_RestaurantSearchUITestsLaunchTests.swift */,
			);
			path = RxSample_RestaurantSearchUITests;
			sourceTree = "<group>";
		};
/* End PBXGroup section */

/* Begin PBXNativeTarget section */
		5B36FA6629A0DC5200424116 /* RxSample_RestaurantSearch */ = {
			isa = PBXNativeTarget;
			buildConfigurationList = 5B36FA9129A0DC5600424116 /* Build configuration list for PBXNativeTarget "RxSample_RestaurantSearch" */;
			buildPhases = (
				5B36FA6329A0DC5200424116 /* Sources */,
				5B36FA6429A0DC5200424116 /* Frameworks */,
				5B36FA6529A0DC5200424116 /* Resources */,
			);
			buildRules = (
			);
			dependencies = (
			);
			name = RxSample_RestaurantSearch;
			packageProductDependencies = (
				5B36FAA429A1935000424116 /* RxCocoa */,
				5B36FAA629A1935000424116 /* RxRelay */,
				5B36FAA829A1935000424116 /* RxSwift */,
			);
			productName = RxSample_RestaurantSearch;
			productReference = 5B36FA6729A0DC5200424116 /* RxSample_RestaurantSearch.app */;
			productType = "com.apple.product-type.application";
		};
		5B36FA7C29A0DC5500424116 /* RxSample_RestaurantSearchTests */ = {
			isa = PBXNativeTarget;
			buildConfigurationList = 5B36FA9429A0DC5600424116 /* Build configuration list for PBXNativeTarget "RxSample_RestaurantSearchTests" */;
			buildPhases = (
				5B36FA7929A0DC5500424116 /* Sources */,
				5B36FA7A29A0DC5500424116 /* Frameworks */,
				5B36FA7B29A0DC5500424116 /* Resources */,
			);
			buildRules = (
			);
			dependencies = (
				5B36FA7F29A0DC5500424116 /* PBXTargetDependency */,
			);
			name = RxSample_RestaurantSearchTests;
			packageProductDependencies = (
				5B36FAAA29A1935000424116 /* RxTest */,
			);
			productName = RxSample_RestaurantSearchTests;
			productReference = 5B36FA7D29A0DC5500424116 /* RxSample_RestaurantSearchTests.xctest */;
			productType = "com.apple.product-type.bundle.unit-test";
		};
		5B36FA8629A0DC5600424116 /* RxSample_RestaurantSearchUITests */ = {
			isa = PBXNativeTarget;
			buildConfigurationList = 5B36FA9729A0DC5600424116 /* Build configuration list for PBXNativeTarget "RxSample_RestaurantSearchUITests" */;
			buildPhases = (
				5B36FA8329A0DC5600424116 /* Sources */,
				5B36FA8429A0DC5600424116 /* Frameworks */,
				5B36FA8529A0DC5600424116 /* Resources */,
			);
			buildRules = (
			);
			dependencies = (
				5B36FA8929A0DC5600424116 /* PBXTargetDependency */,
			);
			name = RxSample_RestaurantSearchUITests;
			productName = RxSample_RestaurantSearchUITests;
			productReference = 5B36FA8729A0DC5600424116 /* RxSample_RestaurantSearchUITests.xctest */;
			productType = "com.apple.product-type.bundle.ui-testing";
		};
/* End PBXNativeTarget section */

/* Begin PBXProject section */
		5B36FA5F29A0DC5200424116 /* Project object */ = {
			isa = PBXProject;
			attributes = {
				BuildIndependentTargetsInParallel = 1;
				LastSwiftUpdateCheck = 1320;
				LastUpgradeCheck = 1320;
				TargetAttributes = {
					5B36FA6629A0DC5200424116 = {
						CreatedOnToolsVersion = 13.2.1;
					};
					5B36FA7C29A0DC5500424116 = {
						CreatedOnToolsVersion = 13.2.1;
						TestTargetID = 5B36FA6629A0DC5200424116;
					};
					5B36FA8629A0DC5600424116 = {
						CreatedOnToolsVersion = 13.2.1;
						TestTargetID = 5B36FA6629A0DC5200424116;
					};
				};
			};
			buildConfigurationList = 5B36FA6229A0DC5200424116 /* Build configuration list for PBXProject "RxSample_RestaurantSearch" */;
			compatibilityVersion = "Xcode 13.0";
			developmentRegion = en;
			hasScannedForEncodings = 0;
			knownRegions = (
				en,
				Base,
			);
			mainGroup = 5B36FA5E29A0DC5200424116;
			packageReferences = (
				5B36FAA329A1935000424116 /* XCRemoteSwiftPackageReference "RxSwift" */,
			);
			productRefGroup = 5B36FA6829A0DC5200424116 /* Products */;
			projectDirPath = "";
			projectRoot = "";
			targets = (
				5B36FA6629A0DC5200424116 /* RxSample_RestaurantSearch */,
				5B36FA7C29A0DC5500424116 /* RxSample_RestaurantSearchTests */,
				5B36FA8629A0DC5600424116 /* RxSample_RestaurantSearchUITests */,
			);
		};
/* End PBXProject section */

/* Begin PBXResourcesBuildPhase section */
		5B36FA6529A0DC5200424116 /* Resources */ = {
			isa = PBXResourcesBuildPhase;
			buildActionMask = 2147483647;
			files = (
				5B36FA7729A0DC5400424116 /* LaunchScreen.storyboard in Resources */,
				5B36FAAD29A2310D00424116 /* apiKey.plist in Resources */,
				5B36FA7429A0DC5400424116 /* Assets.xcassets in Resources */,
				5B36FA7229A0DC5200424116 /* Main.storyboard in Resources */,
			);
			runOnlyForDeploymentPostprocessing = 0;
		};
		5B36FA7B29A0DC5500424116 /* Resources */ = {
			isa = PBXResourcesBuildPhase;
			buildActionMask = 2147483647;
			files = (
			);
			runOnlyForDeploymentPostprocessing = 0;
		};
		5B36FA8529A0DC5600424116 /* Resources */ = {
			isa = PBXResourcesBuildPhase;
			buildActionMask = 2147483647;
			files = (
			);
			runOnlyForDeploymentPostprocessing = 0;
		};
/* End PBXResourcesBuildPhase section */

/* Begin PBXSourcesBuildPhase section */
		5B36FA6329A0DC5200424116 /* Sources */ = {
			isa = PBXSourcesBuildPhase;
			buildActionMask = 2147483647;
			files = (
				5B36FAB129A23DA500424116 /* ViewModel.swift in Sources */,
				5B36FA6F29A0DC5200424116 /* ViewController.swift in Sources */,
				5B36FA6B29A0DC5200424116 /* AppDelegate.swift in Sources */,
				5B36FA6D29A0DC5200424116 /* SceneDelegate.swift in Sources */,
				5B36FAAF29A23D7E00424116 /* Gourmet.swift in Sources */,
			);
			runOnlyForDeploymentPostprocessing = 0;
		};
		5B36FA7929A0DC5500424116 /* Sources */ = {
			isa = PBXSourcesBuildPhase;
			buildActionMask = 2147483647;
			files = (
				5B36FA8229A0DC5500424116 /* RxSample_RestaurantSearchTests.swift in Sources */,
			);
			runOnlyForDeploymentPostprocessing = 0;
		};
		5B36FA8329A0DC5600424116 /* Sources */ = {
			isa = PBXSourcesBuildPhase;
			buildActionMask = 2147483647;
			files = (
				5B36FA8C29A0DC5600424116 /* RxSample_RestaurantSearchUITests.swift in Sources */,
				5B36FA8E29A0DC5600424116 /* RxSample_RestaurantSearchUITestsLaunchTests.swift in Sources */,
			);
			runOnlyForDeploymentPostprocessing = 0;
		};
/* End PBXSourcesBuildPhase section */

/* Begin PBXTargetDependency section */
		5B36FA7F29A0DC5500424116 /* PBXTargetDependency */ = {
			isa = PBXTargetDependency;
			target = 5B36FA6629A0DC5200424116 /* RxSample_RestaurantSearch */;
			targetProxy = 5B36FA7E29A0DC5500424116 /* PBXContainerItemProxy */;
		};
		5B36FA8929A0DC5600424116 /* PBXTargetDependency */ = {
			isa = PBXTargetDependency;
			target = 5B36FA6629A0DC5200424116 /* RxSample_RestaurantSearch */;
			targetProxy = 5B36FA8829A0DC5600424116 /* PBXContainerItemProxy */;
		};
/* End PBXTargetDependency section */

/* Begin PBXVariantGroup section */
		5B36FA7029A0DC5200424116 /* Main.storyboard */ = {
			isa = PBXVariantGroup;
			children = (
				5B36FA7129A0DC5200424116 /* Base */,
			);
			name = Main.storyboard;
			sourceTree = "<group>";
		};
		5B36FA7529A0DC5400424116 /* LaunchScreen.storyboard */ = {
			isa = PBXVariantGroup;
			children = (
				5B36FA7629A0DC5400424116 /* Base */,
			);
			name = LaunchScreen.storyboard;
			sourceTree = "<group>";
		};
/* End PBXVariantGroup section */

/* Begin XCBuildConfiguration section */
		5B36FA8F29A0DC5600424116 /* Debug */ = {
			isa = XCBuildConfiguration;
			buildSettings = {
				ALWAYS_SEARCH_USER_PATHS = NO;
				CLANG_ANALYZER_NONNULL = YES;
				CLANG_ANALYZER_NUMBER_OBJECT_CONVERSION = YES_AGGRESSIVE;
				CLANG_CXX_LANGUAGE_STANDARD = "gnu++17";
				CLANG_CXX_LIBRARY = "libc++";
				CLANG_ENABLE_MODULES = YES;
				CLANG_ENABLE_OBJC_ARC = YES;
				CLANG_ENABLE_OBJC_WEAK = YES;
				CLANG_WARN_BLOCK_CAPTURE_AUTORELEASING = YES;
				CLANG_WARN_BOOL_CONVERSION = YES;
				CLANG_WARN_COMMA = YES;
				CLANG_WARN_CONSTANT_CONVERSION = YES;
				CLANG_WARN_DEPRECATED_OBJC_IMPLEMENTATIONS = YES;
				CLANG_WARN_DIRECT_OBJC_ISA_USAGE = YES_ERROR;
				CLANG_WARN_DOCUMENTATION_COMMENTS = YES;
				CLANG_WARN_EMPTY_BODY = YES;
				CLANG_WARN_ENUM_CONVERSION = YES;
				CLANG_WARN_INFINITE_RECURSION = YES;
				CLANG_WARN_INT_CONVERSION = YES;
				CLANG_WARN_NON_LITERAL_NULL_CONVERSION = YES;
				CLANG_WARN_OBJC_IMPLICIT_RETAIN_SELF = YES;
				CLANG_WARN_OBJC_LITERAL_CONVERSION = YES;
				CLANG_WARN_OBJC_ROOT_CLASS = YES_ERROR;
				CLANG_WARN_QUOTED_INCLUDE_IN_FRAMEWORK_HEADER = YES;
				CLANG_WARN_RANGE_LOOP_ANALYSIS = YES;
				CLANG_WARN_STRICT_PROTOTYPES = YES;
				CLANG_WARN_SUSPICIOUS_MOVE = YES;
				CLANG_WARN_UNGUARDED_AVAILABILITY = YES_AGGRESSIVE;
				CLANG_WARN_UNREACHABLE_CODE = YES;
				CLANG_WARN__DUPLICATE_METHOD_MATCH = YES;
				COPY_PHASE_STRIP = NO;
				DEBUG_INFORMATION_FORMAT = dwarf;
				ENABLE_STRICT_OBJC_MSGSEND = YES;
				ENABLE_TESTABILITY = YES;
				GCC_C_LANGUAGE_STANDARD = gnu11;
				GCC_DYNAMIC_NO_PIC = NO;
				GCC_NO_COMMON_BLOCKS = YES;
				GCC_OPTIMIZATION_LEVEL = 0;
				GCC_PREPROCESSOR_DEFINITIONS = (
					"DEBUG=1",
					"$(inherited)",
				);
				GCC_WARN_64_TO_32_BIT_CONVERSION = YES;
				GCC_WARN_ABOUT_RETURN_TYPE = YES_ERROR;
				GCC_WARN_UNDECLARED_SELECTOR = YES;
				GCC_WARN_UNINITIALIZED_AUTOS = YES_AGGRESSIVE;
				GCC_WARN_UNUSED_FUNCTION = YES;
				GCC_WARN_UNUSED_VARIABLE = YES;
				IPHONEOS_DEPLOYMENT_TARGET = 15.2;
				MTL_ENABLE_DEBUG_INFO = INCLUDE_SOURCE;
				MTL_FAST_MATH = YES;
				ONLY_ACTIVE_ARCH = YES;
				SDKROOT = iphoneos;
				SWIFT_ACTIVE_COMPILATION_CONDITIONS = DEBUG;
				SWIFT_OPTIMIZATION_LEVEL = "-Onone";
			};
			name = Debug;
		};
		5B36FA9029A0DC5600424116 /* Release */ = {
			isa = XCBuildConfiguration;
			buildSettings = {
				ALWAYS_SEARCH_USER_PATHS = NO;
				CLANG_ANALYZER_NONNULL = YES;
				CLANG_ANALYZER_NUMBER_OBJECT_CONVERSION = YES_AGGRESSIVE;
				CLANG_CXX_LANGUAGE_STANDARD = "gnu++17";
				CLANG_CXX_LIBRARY = "libc++";
				CLANG_ENABLE_MODULES = YES;
				CLANG_ENABLE_OBJC_ARC = YES;
				CLANG_ENABLE_OBJC_WEAK = YES;
				CLANG_WARN_BLOCK_CAPTURE_AUTORELEASING = YES;
				CLANG_WARN_BOOL_CONVERSION = YES;
				CLANG_WARN_COMMA = YES;
				CLANG_WARN_CONSTANT_CONVERSION = YES;
				CLANG_WARN_DEPRECATED_OBJC_IMPLEMENTATIONS = YES;
				CLANG_WARN_DIRECT_OBJC_ISA_USAGE = YES_ERROR;
				CLANG_WARN_DOCUMENTATION_COMMENTS = YES;
				CLANG_WARN_EMPTY_BODY = YES;
				CLANG_WARN_ENUM_CONVERSION = YES;
				CLANG_WARN_INFINITE_RECURSION = YES;
				CLANG_WARN_INT_CONVERSION = YES;
				CLANG_WARN_NON_LITERAL_NULL_CONVERSION = YES;
				CLANG_WARN_OBJC_IMPLICIT_RETAIN_SELF = YES;
				CLANG_WARN_OBJC_LITERAL_CONVERSION = YES;
				CLANG_WARN_OBJC_ROOT_CLASS = YES_ERROR;
				CLANG_WARN_QUOTED_INCLUDE_IN_FRAMEWORK_HEADER = YES;
				CLANG_WARN_RANGE_LOOP_ANALYSIS = YES;
				CLANG_WARN_STRICT_PROTOTYPES = YES;
				CLANG_WARN_SUSPICIOUS_MOVE = YES;
				CLANG_WARN_UNGUARDED_AVAILABILITY = YES_AGGRESSIVE;
				CLANG_WARN_UNREACHABLE_CODE = YES;
				CLANG_WARN__DUPLICATE_METHOD_MATCH = YES;
				COPY_PHASE_STRIP = NO;
				DEBUG_INFORMATION_FORMAT = "dwarf-with-dsym";
				ENABLE_NS_ASSERTIONS = NO;
				ENABLE_STRICT_OBJC_MSGSEND = YES;
				GCC_C_LANGUAGE_STANDARD = gnu11;
				GCC_NO_COMMON_BLOCKS = YES;
				GCC_WARN_64_TO_32_BIT_CONVERSION = YES;
				GCC_WARN_ABOUT_RETURN_TYPE = YES_ERROR;
				GCC_WARN_UNDECLARED_SELECTOR = YES;
				GCC_WARN_UNINITIALIZED_AUTOS = YES_AGGRESSIVE;
				GCC_WARN_UNUSED_FUNCTION = YES;
				GCC_WARN_UNUSED_VARIABLE = YES;
				IPHONEOS_DEPLOYMENT_TARGET = 15.2;
				MTL_ENABLE_DEBUG_INFO = NO;
				MTL_FAST_MATH = YES;
				SDKROOT = iphoneos;
				SWIFT_COMPILATION_MODE = wholemodule;
				SWIFT_OPTIMIZATION_LEVEL = "-O";
				VALIDATE_PRODUCT = YES;
			};
			name = Release;
		};
		5B36FA9229A0DC5600424116 /* Debug */ = {
			isa = XCBuildConfiguration;
			buildSettings = {
				ASSETCATALOG_COMPILER_APPICON_NAME = AppIcon;
				ASSETCATALOG_COMPILER_GLOBAL_ACCENT_COLOR_NAME = AccentColor;
				CODE_SIGN_STYLE = Automatic;
				CURRENT_PROJECT_VERSION = 1;
				GENERATE_INFOPLIST_FILE = YES;
				INFOPLIST_FILE = RxSample_RestaurantSearch/Info.plist;
				INFOPLIST_KEY_UIApplicationSupportsIndirectInputEvents = YES;
				INFOPLIST_KEY_UILaunchStoryboardName = LaunchScreen;
				INFOPLIST_KEY_UIMainStoryboardFile = Main;
				INFOPLIST_KEY_UISupportedInterfaceOrientations_iPad = "UIInterfaceOrientationPortrait UIInterfaceOrientationPortraitUpsideDown UIInterfaceOrientationLandscapeLeft UIInterfaceOrientationLandscapeRight";
				INFOPLIST_KEY_UISupportedInterfaceOrientations_iPhone = "UIInterfaceOrientationPortrait UIInterfaceOrientationLandscapeLeft UIInterfaceOrientationLandscapeRight";
				LD_RUNPATH_SEARCH_PATHS = (
					"$(inherited)",
					"@executable_path/Frameworks",
				);
				MARKETING_VERSION = 1.0;
				PRODUCT_BUNDLE_IDENTIFIER = "jp.zyyx.t-watanabe.RxSample-RestaurantSearch";
				PRODUCT_NAME = "$(TARGET_NAME)";
				SWIFT_EMIT_LOC_STRINGS = YES;
				SWIFT_VERSION = 5.0;
				TARGETED_DEVICE_FAMILY = "1,2";
			};
			name = Debug;
		};
		5B36FA9329A0DC5600424116 /* Release */ = {
			isa = XCBuildConfiguration;
			buildSettings = {
				ASSETCATALOG_COMPILER_APPICON_NAME = AppIcon;
				ASSETCATALOG_COMPILER_GLOBAL_ACCENT_COLOR_NAME = AccentColor;
				CODE_SIGN_STYLE = Automatic;
				CURRENT_PROJECT_VERSION = 1;
				GENERATE_INFOPLIST_FILE = YES;
				INFOPLIST_FILE = RxSample_RestaurantSearch/Info.plist;
				INFOPLIST_KEY_UIApplicationSupportsIndirectInputEvents = YES;
				INFOPLIST_KEY_UILaunchStoryboardName = LaunchScreen;
				INFOPLIST_KEY_UIMainStoryboardFile = Main;
				INFOPLIST_KEY_UISupportedInterfaceOrientations_iPad = "UIInterfaceOrientationPortrait UIInterfaceOrientationPortraitUpsideDown UIInterfaceOrientationLandscapeLeft UIInterfaceOrientationLandscapeRight";
				INFOPLIST_KEY_UISupportedInterfaceOrientations_iPhone = "UIInterfaceOrientationPortrait UIInterfaceOrientationLandscapeLeft UIInterfaceOrientationLandscapeRight";
				LD_RUNPATH_SEARCH_PATHS = (
					"$(inherited)",
					"@executable_path/Frameworks",
				);
				MARKETING_VERSION = 1.0;
				PRODUCT_BUNDLE_IDENTIFIER = "jp.zyyx.t-watanabe.RxSample-RestaurantSearch";
				PRODUCT_NAME = "$(TARGET_NAME)";
				SWIFT_EMIT_LOC_STRINGS = YES;
				SWIFT_VERSION = 5.0;
				TARGETED_DEVICE_FAMILY = "1,2";
			};
			name = Release;
		};
		5B36FA9529A0DC5600424116 /* Debug */ = {
			isa = XCBuildConfiguration;
			buildSettings = {
				ALWAYS_EMBED_SWIFT_STANDARD_LIBRARIES = YES;
				BUNDLE_LOADER = "$(TEST_HOST)";
				CODE_SIGN_STYLE = Automatic;
				CURRENT_PROJECT_VERSION = 1;
				GENERATE_INFOPLIST_FILE = YES;
				IPHONEOS_DEPLOYMENT_TARGET = 15.2;
				MARKETING_VERSION = 1.0;
				PRODUCT_BUNDLE_IDENTIFIER = "jp.zyyx.t-watanabe.RxSample-RestaurantSearchTests";
				PRODUCT_NAME = "$(TARGET_NAME)";
				SWIFT_EMIT_LOC_STRINGS = NO;
				SWIFT_VERSION = 5.0;
				TARGETED_DEVICE_FAMILY = "1,2";
				TEST_HOST = "$(BUILT_PRODUCTS_DIR)/RxSample_RestaurantSearch.app/RxSample_RestaurantSearch";
			};
			name = Debug;
		};
		5B36FA9629A0DC5600424116 /* Release */ = {
			isa = XCBuildConfiguration;
			buildSettings = {
				ALWAYS_EMBED_SWIFT_STANDARD_LIBRARIES = YES;
				BUNDLE_LOADER = "$(TEST_HOST)";
				CODE_SIGN_STYLE = Automatic;
				CURRENT_PROJECT_VERSION = 1;
				GENERATE_INFOPLIST_FILE = YES;
				IPHONEOS_DEPLOYMENT_TARGET = 15.2;
				MARKETING_VERSION = 1.0;
				PRODUCT_BUNDLE_IDENTIFIER = "jp.zyyx.t-watanabe.RxSample-RestaurantSearchTests";
				PRODUCT_NAME = "$(TARGET_NAME)";
				SWIFT_EMIT_LOC_STRINGS = NO;
				SWIFT_VERSION = 5.0;
				TARGETED_DEVICE_FAMILY = "1,2";
				TEST_HOST = "$(BUILT_PRODUCTS_DIR)/RxSample_RestaurantSearch.app/RxSample_RestaurantSearch";
			};
			name = Release;
		};
		5B36FA9829A0DC5600424116 /* Debug */ = {
			isa = XCBuildConfiguration;
			buildSettings = {
				ALWAYS_EMBED_SWIFT_STANDARD_LIBRARIES = YES;
				CODE_SIGN_STYLE = Automatic;
				CURRENT_PROJECT_VERSION = 1;
				GENERATE_INFOPLIST_FILE = YES;
				MARKETING_VERSION = 1.0;
				PRODUCT_BUNDLE_IDENTIFIER = "jp.zyyx.t-watanabe.RxSample-RestaurantSearchUITests";
				PRODUCT_NAME = "$(TARGET_NAME)";
				SWIFT_EMIT_LOC_STRINGS = NO;
				SWIFT_VERSION = 5.0;
				TARGETED_DEVICE_FAMILY = "1,2";
				TEST_TARGET_NAME = RxSample_RestaurantSearch;
			};
			name = Debug;
		};
		5B36FA9929A0DC5600424116 /* Release */ = {
			isa = XCBuildConfiguration;
			buildSettings = {
				ALWAYS_EMBED_SWIFT_STANDARD_LIBRARIES = YES;
				CODE_SIGN_STYLE = Automatic;
				CURRENT_PROJECT_VERSION = 1;
				GENERATE_INFOPLIST_FILE = YES;
				MARKETING_VERSION = 1.0;
				PRODUCT_BUNDLE_IDENTIFIER = "jp.zyyx.t-watanabe.RxSample-RestaurantSearchUITests";
				PRODUCT_NAME = "$(TARGET_NAME)";
				SWIFT_EMIT_LOC_STRINGS = NO;
				SWIFT_VERSION = 5.0;
				TARGETED_DEVICE_FAMILY = "1,2";
				TEST_TARGET_NAME = RxSample_RestaurantSearch;
			};
			name = Release;
		};
/* End XCBuildConfiguration section */

/* Begin XCConfigurationList section */
		5B36FA6229A0DC5200424116 /* Build configuration list for PBXProject "RxSample_RestaurantSearch" */ = {
			isa = XCConfigurationList;
			buildConfigurations = (
				5B36FA8F29A0DC5600424116 /* Debug */,
				5B36FA9029A0DC5600424116 /* Release */,
			);
			defaultConfigurationIsVisible = 0;
			defaultConfigurationName = Release;
		};
		5B36FA9129A0DC5600424116 /* Build configuration list for PBXNativeTarget "RxSample_RestaurantSearch" */ = {
			isa = XCConfigurationList;
			buildConfigurations = (
				5B36FA9229A0DC5600424116 /* Debug */,
				5B36FA9329A0DC5600424116 /* Release */,
			);
			defaultConfigurationIsVisible = 0;
			defaultConfigurationName = Release;
		};
		5B36FA9429A0DC5600424116 /* Build configuration list for PBXNativeTarget "RxSample_RestaurantSearchTests" */ = {
			isa = XCConfigurationList;
			buildConfigurations = (
				5B36FA9529A0DC5600424116 /* Debug */,
				5B36FA9629A0DC5600424116 /* Release */,
			);
			defaultConfigurationIsVisible = 0;
			defaultConfigurationName = Release;
		};
		5B36FA9729A0DC5600424116 /* Build configuration list for PBXNativeTarget "RxSample_RestaurantSearchUITests" */ = {
			isa = XCConfigurationList;
			buildConfigurations = (
				5B36FA9829A0DC5600424116 /* Debug */,
				5B36FA9929A0DC5600424116 /* Release */,
			);
			defaultConfigurationIsVisible = 0;
			defaultConfigurationName = Release;
		};
/* End XCConfigurationList section */

/* Begin XCRemoteSwiftPackageReference section */
		5B36FAA329A1935000424116 /* XCRemoteSwiftPackageReference "RxSwift" */ = {
			isa = XCRemoteSwiftPackageReference;
			repositoryURL = "https://github.com/ReactiveX/RxSwift.git";
			requirement = {
				branch = main;
				kind = branch;
			};
		};
/* End XCRemoteSwiftPackageReference section */

/* Begin XCSwiftPackageProductDependency section */
		5B36FAA429A1935000424116 /* RxCocoa */ = {
			isa = XCSwiftPackageProductDependency;
			package = 5B36FAA329A1935000424116 /* XCRemoteSwiftPackageReference "RxSwift" */;
			productName = RxCocoa;
		};
		5B36FAA629A1935000424116 /* RxRelay */ = {
			isa = XCSwiftPackageProductDependency;
			package = 5B36FAA329A1935000424116 /* XCRemoteSwiftPackageReference "RxSwift" */;
			productName = RxRelay;
		};
		5B36FAA829A1935000424116 /* RxSwift */ = {
			isa = XCSwiftPackageProductDependency;
			package = 5B36FAA329A1935000424116 /* XCRemoteSwiftPackageReference "RxSwift" */;
			productName = RxSwift;
		};
		5B36FAAA29A1935000424116 /* RxTest */ = {
			isa = XCSwiftPackageProductDependency;
			package = 5B36FAA329A1935000424116 /* XCRemoteSwiftPackageReference "RxSwift" */;
			productName = RxTest;
		};
/* End XCSwiftPackageProductDependency section */
	};
	rootObject = 5B36FA5F29A0DC5200424116 /* Project object */;
}
